# This file is automatically @generated by Cargo.
# It is not intended for manual editing.
version = 4

[[package]]
name = "nando-cli"
version = "0.1.0"
dependencies = [
 "nando-core",
 "nando-eval",
]

[[package]]
name = "nando-core"
version = "0.1.0"

[[package]]
name = "nando-eval"
version = "0.1.0"
dependencies = [
 "nando-core",
]
